
Microsoft Visual Studio Solution File, Format Version 12.00
Project("{FAE04EC0-301F-11D3-BF4B-00C04F79EFBC}") = "ApiRequests.Http.Standard", "ApiRequests.Http.Standard\ApiRequests.Http.Standard.csproj", "{31580EFC-A25D-44E7-83E3-52290DD2AB4D}"
EndProject
Global
	GlobalSection(SolutionConfigurationPlatforms) = preSolution
		Debug|Any CPU = Debug|Any CPU
		Release|Any CPU = Release|Any CPU
	EndGlobalSection
	GlobalSection(ProjectConfigurationPlatforms) = postSolution
		{31580EFC-A25D-44E7-83E3-52290DD2AB4D}.Debug|Any CPU.ActiveCfg = Debug|Any CPU
		{31580EFC-A25D-44E7-83E3-52290DD2AB4D}.Debug|Any CPU.Build.0 = Debug|Any CPU
		{31580EFC-A25D-44E7-83E3-52290DD2AB4D}.Release|Any CPU.ActiveCfg = Release|Any CPU
		{31580EFC-A25D-44E7-83E3-52290DD2AB4D}.Release|Any CPU.Build.0 = Release|Any CPU
	EndGlobalSection
EndGlobal
